PODS:
  - DittoKit (0.3.5)
  - DittoKitSwift (0.3.5):
    - DittoKit (= 0.3.5)

DEPENDENCIES:
  - DittoKitSwift (~> 0.3.5)

SPEC REPOS:
  trunk:
    - DittoKit
    - DittoKitSwift

SPEC CHECKSUMS:
  DittoKit: 3dc5603dac13db513b4e3e017ae0f0fa366bcbd7
  DittoKitSwift: 7bfe3996db1d31f1d1c7266f57f5c0e7cdeaf432

PODFILE CHECKSUM: 5cb0d169815c7e8ec930b2563daea5df6e54e8f8

COCOAPODS: 1.9.3
