PODS:
  - DittoKit (0.3.3)
  - DittoKitSwift (0.3.3):
    - DittoKit (= 0.3.3)

DEPENDENCIES:
  - DittoKitSwift (~> 0.3.3)

SPEC REPOS:
  trunk:
    - DittoKit
    - DittoKitSwift

SPEC CHECKSUMS:
  DittoKit: 281aabe9f099b88314e0362b1a8c7dcdffe1fbdd
  DittoKitSwift: 448a3b21d3bc2d5799892eccc2dc3ec6acad3997

PODFILE CHECKSUM: 889c50d954e1232af6650aa936fe09dda6c50f3a

COCOAPODS: 1.9.3
