PODS:
  - DittoKit (0.3.1)
  - DittoKitSwift (0.3.1):
    - DittoKit (= 0.3.1)

DEPENDENCIES:
  - DittoKitSwift (~> 0.3.1)

SPEC REPOS:
  trunk:
    - DittoKit
    - DittoKitSwift

SPEC CHECKSUMS:
  DittoKit: 0926174ae3ad14a7729d8b337121f7a7b03e95f1
  DittoKitSwift: dfc44b569e60f3d1eaafb9ac01788a26e7dc7e5b

PODFILE CHECKSUM: d20134a4696855de515a3833528b5d8d707cbfac

COCOAPODS: 1.9.3
